<?xml version="1.0" encoding="utf-8"?>
<Project ToolsVersion="4.0" xmlns="http://schemas.microsoft.com/developer/msbuild/2003">
  <ItemGroup>
    <ClInclude Include="src\Silent\Application.h" />
    <ClInclude Include="src\Silent.h" />
    <ClInclude Include="src\Silent\EntryPoint.h" />
    <ClInclude Include="src\Silent\Platform\Platform_SDL.h" />
    <ClInclude Include="src\Silent\Renderer\Renderer_GL3.h" />
    <ClInclude Include="src\Silent\Renderer\Renderer.h" />
    <ClInclude Include="src\Silent\Platform\Platform.h" />
    <ClInclude Include="src\Silent\Module\Module.h" />
    <ClInclude Include="src\Silent\System\System.h" />
    <ClInclude Include="src\Silent\Utility\Random.h" />
    <ClInclude Include="src\Silent\Utility\Singleton.h" />
    <ClInclude Include="src\Silent\Entity\Entities.h" />
    <ClInclude Include="src\Silent\Entity\Entity.h" />
    <ClInclude Include="src\Silent\Module\Modules.h" />
    <ClInclude Include="src\Silent\Platform\Platforms.h" />
    <ClInclude Include="src\Silent\Renderer\Renderers.h" />
    <ClInclude Include="src\Silent\Utility\PrecompiledHeader.h" />
    <ClInclude Include="src\Silent\Resource\Resource.h" />
    <ClInclude Include="src\Silent\Resource\Resources.h" />
    <ClInclude Include="src\Silent\Core.h" />
    <ClInclude Include="src\Silent\System\Systems.h" />
    <ClInclude Include="src\Silent\Resource\Resource_Shader.h" />
    <ClInclude Include="src\Silent\Resource\Resource_Mesh.h" />
    <ClInclude Include="src\Silent\Resource\Resource_Texture.h" />
    <ClInclude Include="src\Silent\Resource\Resource_Material.h" />
    <ClInclude Include="src\Silent\System\System_Camera.h" />
    <ClInclude Include="src\Silent\System\System_Render.h" />
    <ClInclude Include="src\Silent\Resource\Resource_Buffer.h" />
    <ClInclude Include="src\Silent\System\System_Input.h" />
    <ClInclude Include="src\Silent\System\System_Light.h" />
    <ClInclude Include="src\Silent\System\System_Setting.h" />
    <ClInclude Include="src\Silent\System\System_Debug.h" />
    <ClInclude Include="Utility.h" />
  </ItemGroup>
  <ItemGroup>
    <ClCompile Include="src\Silent\Application.cpp" />
    <ClCompile Include="..\Vendor\ImGui\imgui.cpp" />
    <ClCompile Include="..\Vendor\ImGui\imgui_demo.cpp" />
    <ClCompile Include="..\Vendor\ImGui\imgui_draw.cpp" />
    <ClCompile Include="..\Vendor\ImGui\imgui_impl_opengl3.cpp" />
    <ClCompile Include="..\Vendor\ImGui\imgui_impl_sdl.cpp" />
    <ClCompile Include="..\Vendor\ImGui\imgui_widgets.cpp" />
    <ClCompile Include="src\Silent\Renderer\Renderer_GL3.cpp" />
    <ClCompile Include="src\Silent\Platform\Platform_SDL.cpp" />
    <ClCompile Include="src\Silent\Utility\Random.cpp" />
    <ClCompile Include="src\Silent\Utility\Singleton.cpp" />
    <ClCompile Include="src\Silent\Entity\Entities.cpp" />
    <ClCompile Include="src\Silent\Module\Modules.cpp" />
    <ClCompile Include="src\Silent\Platform\Platforms.cpp" />
    <ClCompile Include="src\Silent\Renderer\Renderers.cpp" />
    <ClCompile Include="src\Silent\Utility\PrecompiledHeader.cpp" />
    <ClCompile Include="src\Silent\Resource\Resources.cpp" />
    <ClCompile Include="src\Silent\System\Systems.cpp" />
    <ClCompile Include="src\Silent\Resource\Resource_Shader.cpp" />
    <ClCompile Include="src\Silent\Resource\Resource_Mesh.cpp" />
    <ClCompile Include="src\Silent\Resource\Resource_Texture.cpp" />
    <ClCompile Include="src\Silent\Resource\Resource_Material.cpp" />
    <ClCompile Include="src\Silent\System\System_Camera.cpp" />
    <ClCompile Include="src\Silent\System\System_Render.cpp" />
    <ClCompile Include="src\Silent\Resource\Resource_Buffer.cpp" />
    <ClCompile Include="..\Vendor\FastNoise.cpp" />
    <ClCompile Include="src\Silent\System\System_Input.cpp" />
    <ClCompile Include="src\Silent\System\System_Light.cpp" />
    <ClCompile Include="src\Silent\System\System_Debug.cpp" />
    <ClCompile Include="src\Silent\System\System_Setting.cpp" />
    <ClCompile Include="Utility.cpp" />
  </ItemGroup>
  <ItemGroup>
    <Natvis Include="..\Vendor\ImGui\imgui.natvis" />
  </ItemGroup>
</Project>