<?xml version="1.0" encoding="utf-8"?>
<Project ToolsVersion="4.0" xmlns="http://schemas.microsoft.com/developer/msbuild/2003">
  <ItemGroup>
    <ClCompile Include="src\main.cpp" />
    <ClCompile Include="..\Vendor\FastNoise.cpp" />
  </ItemGroup>
  <ItemGroup>
    <None Include="Data\Shaders\sprite.vert" />
    <None Include="Data\Shaders\sprite.frag" />
    <None Include="Data\Shaders\Layout.glsl" />
    <None Include="Data\Shaders\basicLighting.vert" />
    <None Include="Data\Shaders\basicLighting.frag" />
  </ItemGroup>
</Project>